
Microsoft Visual Studio Solution File, Format Version 12.00
# Visual Studio 15
VisualStudioVersion = 15.0.28307.421
MinimumVisualStudioVersion = 10.0.40219.1
Project("{FAE04EC0-301F-11D3-BF4B-00C04F79EFBC}") = "PublicWitnessingApi", "PublicWitnessingApi\PublicWitnessingApi.csproj", "{DAB44508-27D9-4B1F-8350-13A3AB91C4D6}"
EndProject
Global
	GlobalSection(SolutionConfigurationPlatforms) = preSolution
		Debug|Any CPU = Debug|Any CPU
		Release|Any CPU = Release|Any CPU
	EndGlobalSection
	GlobalSection(ProjectConfigurationPlatforms) = postSolution
		{DAB44508-27D9-4B1F-8350-13A3AB91C4D6}.Debug|Any CPU.ActiveCfg = Debug|Any CPU
		{DAB44508-27D9-4B1F-8350-13A3AB91C4D6}.Debug|Any CPU.Build.0 = Debug|Any CPU
		{DAB44508-27D9-4B1F-8350-13A3AB91C4D6}.Release|Any CPU.ActiveCfg = Release|Any CPU
		{DAB44508-27D9-4B1F-8350-13A3AB91C4D6}.Release|Any CPU.Build.0 = Release|Any CPU
	EndGlobalSection
	GlobalSection(SolutionProperties) = preSolution
		HideSolutionNode = FALSE
	EndGlobalSection
	GlobalSection(ExtensibilityGlobals) = postSolution
		SolutionGuid = {8FBC2F9C-AE95-40C0-AEC4-4BC592374CBC}
	EndGlobalSection
EndGlobal
